
Microsoft Visual Studio Solution File, Format Version 12.00
# Visual Studio Version 16
VisualStudioVersion = 16.0.30717.126
MinimumVisualStudioVersion = 10.0.40219.1
Project("{FAE04EC0-301F-11D3-BF4B-00C04F79EFBC}") = "api", "api.csproj", "{936809B4-1288-4137-8ECC-4B1628ED6E80}"
EndProject
Global
	GlobalSection(SolutionConfigurationPlatforms) = preSolution
		Debug|Any CPU = Debug|Any CPU
		Release|Any CPU = Release|Any CPU
	EndGlobalSection
	GlobalSection(ProjectConfigurationPlatforms) = postSolution
		{936809B4-1288-4137-8ECC-4B1628ED6E80}.Debug|Any CPU.ActiveCfg = Debug|Any CPU
		{936809B4-1288-4137-8ECC-4B1628ED6E80}.Debug|Any CPU.Build.0 = Debug|Any CPU
		{936809B4-1288-4137-8ECC-4B1628ED6E80}.Release|Any CPU.ActiveCfg = Release|Any CPU
		{936809B4-1288-4137-8ECC-4B1628ED6E80}.Release|Any CPU.Build.0 = Release|Any CPU
	EndGlobalSection
	GlobalSection(SolutionProperties) = preSolution
		HideSolutionNode = FALSE
	EndGlobalSection
	GlobalSection(ExtensibilityGlobals) = postSolution
		SolutionGuid = {8642D549-8D05-4408-BCF6-18C57D983BB0}
	EndGlobalSection
EndGlobal
